
Microsoft Visual Studio Solution File, Format Version 12.00
# Visual Studio Version 17
VisualStudioVersion = 17.12.35323.107
MinimumVisualStudioVersion = 10.0.40219.1
Project("{FAE04EC0-301F-11D3-BF4B-00C04F79EFBC}") = "GraphServicev5", "GraphServicev5\GraphServicev5.csproj", "{A6F72552-2F9B-420F-96F2-95A2932803F7}"
EndProject
Global
	GlobalSection(SolutionConfigurationPlatforms) = preSolution
		Debug|Any CPU = Debug|Any CPU
		Release|Any CPU = Release|Any CPU
	EndGlobalSection
	GlobalSection(ProjectConfigurationPlatforms) = postSolution
		{A6F72552-2F9B-420F-96F2-95A2932803F7}.Debug|Any CPU.ActiveCfg = Debug|Any CPU
		{A6F72552-2F9B-420F-96F2-95A2932803F7}.Debug|Any CPU.Build.0 = Debug|Any CPU
		{A6F72552-2F9B-420F-96F2-95A2932803F7}.Release|Any CPU.ActiveCfg = Release|Any CPU
		{A6F72552-2F9B-420F-96F2-95A2932803F7}.Release|Any CPU.Build.0 = Release|Any CPU
	EndGlobalSection
	GlobalSection(SolutionProperties) = preSolution
		HideSolutionNode = FALSE
	EndGlobalSection
	GlobalSection(ExtensibilityGlobals) = postSolution
		SolutionGuid = {B55BFC7F-C111-4731-966A-8FA0F94C1DE2}
	EndGlobalSection
EndGlobal
